
Microsoft Visual Studio Solution File, Format Version 12.00
# Visual Studio 15
VisualStudioVersion = 15.0.28307.421
MinimumVisualStudioVersion = 10.0.40219.1
Project("{FAE04EC0-301F-11D3-BF4B-00C04F79EFBC}") = "ScoreShop.Web", "ScoreShop.Web\ScoreShop.Web.csproj", "{F7253C8A-0904-48E1-9195-CF383DCB4022}"
EndProject
Project("{FAE04EC0-301F-11D3-BF4B-00C04F79EFBC}") = "ScoreShop.Data", "ScoreShop.Data\ScoreShop.Data.csproj", "{774C822C-F0BB-45F5-A26B-3CF7217EFABF}"
EndProject
Project("{FAE04EC0-301F-11D3-BF4B-00C04F79EFBC}") = "ScoreShop.Application", "ScoreShop.Application\ScoreShop.Application.csproj", "{ED1C28F0-6430-475D-8936-85E197D2DF87}"
EndProject
Global
	GlobalSection(SolutionConfigurationPlatforms) = preSolution
		Debug|Any CPU = Debug|Any CPU
		Release|Any CPU = Release|Any CPU
	EndGlobalSection
	GlobalSection(ProjectConfigurationPlatforms) = postSolution
		{F7253C8A-0904-48E1-9195-CF383DCB4022}.Debug|Any CPU.ActiveCfg = Debug|Any CPU
		{F7253C8A-0904-48E1-9195-CF383DCB4022}.Debug|Any CPU.Build.0 = Debug|Any CPU
		{F7253C8A-0904-48E1-9195-CF383DCB4022}.Release|Any CPU.ActiveCfg = Release|Any CPU
		{F7253C8A-0904-48E1-9195-CF383DCB4022}.Release|Any CPU.Build.0 = Release|Any CPU
		{774C822C-F0BB-45F5-A26B-3CF7217EFABF}.Debug|Any CPU.ActiveCfg = Debug|Any CPU
		{774C822C-F0BB-45F5-A26B-3CF7217EFABF}.Debug|Any CPU.Build.0 = Debug|Any CPU
		{774C822C-F0BB-45F5-A26B-3CF7217EFABF}.Release|Any CPU.ActiveCfg = Release|Any CPU
		{774C822C-F0BB-45F5-A26B-3CF7217EFABF}.Release|Any CPU.Build.0 = Release|Any CPU
		{ED1C28F0-6430-475D-8936-85E197D2DF87}.Debug|Any CPU.ActiveCfg = Debug|Any CPU
		{ED1C28F0-6430-475D-8936-85E197D2DF87}.Debug|Any CPU.Build.0 = Debug|Any CPU
		{ED1C28F0-6430-475D-8936-85E197D2DF87}.Release|Any CPU.ActiveCfg = Release|Any CPU
		{ED1C28F0-6430-475D-8936-85E197D2DF87}.Release|Any CPU.Build.0 = Release|Any CPU
	EndGlobalSection
	GlobalSection(SolutionProperties) = preSolution
		HideSolutionNode = FALSE
	EndGlobalSection
	GlobalSection(ExtensibilityGlobals) = postSolution
		SolutionGuid = {F6E56324-15C9-4282-B5F1-5C610150743A}
	EndGlobalSection
EndGlobal
