
Microsoft Visual Studio Solution File, Format Version 12.00
# Visual Studio Version 16
VisualStudioVersion = 16.0.29920.165
MinimumVisualStudioVersion = 10.0.40219.1
Project("{9A19103F-16F7-4668-BE54-9A1E7A4F7556}") = "coreShop.Application", "coreShop.Application\coreShop.Application.csproj", "{02AD1762-9402-4A34-B786-C87724B205E4}"
EndProject
Project("{9A19103F-16F7-4668-BE54-9A1E7A4F7556}") = "coreShop.Data", "coreShop.Data\coreShop.Data.csproj", "{E010DF80-1759-4F6A-AC27-09EDD56CDB08}"
EndProject
Project("{2150E333-8FDC-42A3-9474-1A3956D46DE8}") = "Solution Items", "Solution Items", "{BCF44ECE-123E-4133-BECD-79A2B3A558D5}"
	ProjectSection(SolutionItems) = preProject
		README.md = README.md
	EndProjectSection
EndProject
Project("{9A19103F-16F7-4668-BE54-9A1E7A4F7556}") = "scoreShop.WebApp", "scoreShop.WebApp\scoreShop.WebApp.csproj", "{6064BD39-244A-4EAB-A609-ED0136B57A49}"
EndProject
Project("{9A19103F-16F7-4668-BE54-9A1E7A4F7556}") = "coreShop.Utilities", "coreShop.Utilities\coreShop.Utilities.csproj", "{16E5BFBD-7CEA-4199-8824-8D4BBC52D79F}"
EndProject
Project("{FAE04EC0-301F-11D3-BF4B-00C04F79EFBC}") = "coreShop.ViewModel", "coreShop.ViewModel\coreShop.ViewModel.csproj", "{1011BBD2-6A98-4A9F-A380-DB27099F4DF9}"
EndProject
Global
	GlobalSection(SolutionConfigurationPlatforms) = preSolution
		Debug|Any CPU = Debug|Any CPU
		Release|Any CPU = Release|Any CPU
	EndGlobalSection
	GlobalSection(ProjectConfigurationPlatforms) = postSolution
		{02AD1762-9402-4A34-B786-C87724B205E4}.Debug|Any CPU.ActiveCfg = Debug|Any CPU
		{02AD1762-9402-4A34-B786-C87724B205E4}.Debug|Any CPU.Build.0 = Debug|Any CPU
		{02AD1762-9402-4A34-B786-C87724B205E4}.Release|Any CPU.ActiveCfg = Release|Any CPU
		{02AD1762-9402-4A34-B786-C87724B205E4}.Release|Any CPU.Build.0 = Release|Any CPU
		{E010DF80-1759-4F6A-AC27-09EDD56CDB08}.Debug|Any CPU.ActiveCfg = Debug|Any CPU
		{E010DF80-1759-4F6A-AC27-09EDD56CDB08}.Debug|Any CPU.Build.0 = Debug|Any CPU
		{E010DF80-1759-4F6A-AC27-09EDD56CDB08}.Release|Any CPU.ActiveCfg = Release|Any CPU
		{E010DF80-1759-4F6A-AC27-09EDD56CDB08}.Release|Any CPU.Build.0 = Release|Any CPU
		{6064BD39-244A-4EAB-A609-ED0136B57A49}.Debug|Any CPU.ActiveCfg = Debug|Any CPU
		{6064BD39-244A-4EAB-A609-ED0136B57A49}.Debug|Any CPU.Build.0 = Debug|Any CPU
		{6064BD39-244A-4EAB-A609-ED0136B57A49}.Release|Any CPU.ActiveCfg = Release|Any CPU
		{6064BD39-244A-4EAB-A609-ED0136B57A49}.Release|Any CPU.Build.0 = Release|Any CPU
		{16E5BFBD-7CEA-4199-8824-8D4BBC52D79F}.Debug|Any CPU.ActiveCfg = Debug|Any CPU
		{16E5BFBD-7CEA-4199-8824-8D4BBC52D79F}.Debug|Any CPU.Build.0 = Debug|Any CPU
		{16E5BFBD-7CEA-4199-8824-8D4BBC52D79F}.Release|Any CPU.ActiveCfg = Release|Any CPU
		{16E5BFBD-7CEA-4199-8824-8D4BBC52D79F}.Release|Any CPU.Build.0 = Release|Any CPU
		{1011BBD2-6A98-4A9F-A380-DB27099F4DF9}.Debug|Any CPU.ActiveCfg = Debug|Any CPU
		{1011BBD2-6A98-4A9F-A380-DB27099F4DF9}.Debug|Any CPU.Build.0 = Debug|Any CPU
		{1011BBD2-6A98-4A9F-A380-DB27099F4DF9}.Release|Any CPU.ActiveCfg = Release|Any CPU
		{1011BBD2-6A98-4A9F-A380-DB27099F4DF9}.Release|Any CPU.Build.0 = Release|Any CPU
	EndGlobalSection
	GlobalSection(SolutionProperties) = preSolution
		HideSolutionNode = FALSE
	EndGlobalSection
	GlobalSection(ExtensibilityGlobals) = postSolution
		SolutionGuid = {E73DDEE7-8664-44A0-B764-D14DCC58CF40}
	EndGlobalSection
EndGlobal
